
Microsoft Visual Studio Solution File, Format Version 12.00
# Visual Studio Version 17
VisualStudioVersion = 17.4.33205.214
MinimumVisualStudioVersion = 10.0.40219.1
Project("{FAE04EC0-301F-11D3-BF4B-00C04F79EFBC}") = "InterfaceAbstractDemo", "InterfaceAbstractDemo\InterfaceAbstractDemo.csproj", "{F756D986-5929-4385-83CD-969F1F1BA6B9}"
EndProject
Global
	GlobalSection(SolutionConfigurationPlatforms) = preSolution
		Debug|Any CPU = Debug|Any CPU
		Release|Any CPU = Release|Any CPU
	EndGlobalSection
	GlobalSection(ProjectConfigurationPlatforms) = postSolution
		{F756D986-5929-4385-83CD-969F1F1BA6B9}.Debug|Any CPU.ActiveCfg = Debug|Any CPU
		{F756D986-5929-4385-83CD-969F1F1BA6B9}.Debug|Any CPU.Build.0 = Debug|Any CPU
		{F756D986-5929-4385-83CD-969F1F1BA6B9}.Release|Any CPU.ActiveCfg = Release|Any CPU
		{F756D986-5929-4385-83CD-969F1F1BA6B9}.Release|Any CPU.Build.0 = Release|Any CPU
	EndGlobalSection
	GlobalSection(SolutionProperties) = preSolution
		HideSolutionNode = FALSE
	EndGlobalSection
	GlobalSection(ExtensibilityGlobals) = postSolution
		SolutionGuid = {44001438-FB2C-4216-9951-F1FDC580A1A2}
	EndGlobalSection
EndGlobal
